
Microsoft Visual Studio Solution File, Format Version 12.00
# Visual Studio Version 17
VisualStudioVersion = 17.11.35312.102
MinimumVisualStudioVersion = 10.0.40219.1
Project("{FAE04EC0-301F-11D3-BF4B-00C04F79EFBC}") = "F74126343_practice_7_1", "F74126343_practice_7_1\F74126343_practice_7_1.csproj", "{693327D9-E746-4D55-A276-51CD438844FE}"
EndProject
Global
	GlobalSection(SolutionConfigurationPlatforms) = preSolution
		Debug|Any CPU = Debug|Any CPU
		Release|Any CPU = Release|Any CPU
	EndGlobalSection
	GlobalSection(ProjectConfigurationPlatforms) = postSolution
		{693327D9-E746-4D55-A276-51CD438844FE}.Debug|Any CPU.ActiveCfg = Debug|Any CPU
		{693327D9-E746-4D55-A276-51CD438844FE}.Debug|Any CPU.Build.0 = Debug|Any CPU
		{693327D9-E746-4D55-A276-51CD438844FE}.Release|Any CPU.ActiveCfg = Release|Any CPU
		{693327D9-E746-4D55-A276-51CD438844FE}.Release|Any CPU.Build.0 = Release|Any CPU
	EndGlobalSection
	GlobalSection(SolutionProperties) = preSolution
		HideSolutionNode = FALSE
	EndGlobalSection
	GlobalSection(ExtensibilityGlobals) = postSolution
		SolutionGuid = {E71DE0BA-3296-48A3-AF1F-A5C253EF81E0}
	EndGlobalSection
EndGlobal
